
Microsoft Visual Studio Solution File, Format Version 12.00
# Visual Studio Version 17
VisualStudioVersion = 17.7.34003.232
MinimumVisualStudioVersion = 10.0.40219.1
Project("{FAE04EC0-301F-11D3-BF4B-00C04F79EFBC}") = "LinqPj", "LinqPj\LinqPj.csproj", "{80758375-B6DC-4C99-A432-6DB700471622}"
EndProject
Global
	GlobalSection(SolutionConfigurationPlatforms) = preSolution
		Debug|Any CPU = Debug|Any CPU
		Release|Any CPU = Release|Any CPU
	EndGlobalSection
	GlobalSection(ProjectConfigurationPlatforms) = postSolution
		{80758375-B6DC-4C99-A432-6DB700471622}.Debug|Any CPU.ActiveCfg = Debug|Any CPU
		{80758375-B6DC-4C99-A432-6DB700471622}.Debug|Any CPU.Build.0 = Debug|Any CPU
		{80758375-B6DC-4C99-A432-6DB700471622}.Release|Any CPU.ActiveCfg = Release|Any CPU
		{80758375-B6DC-4C99-A432-6DB700471622}.Release|Any CPU.Build.0 = Release|Any CPU
	EndGlobalSection
	GlobalSection(SolutionProperties) = preSolution
		HideSolutionNode = FALSE
	EndGlobalSection
	GlobalSection(ExtensibilityGlobals) = postSolution
		SolutionGuid = {4337FDD7-D83D-425B-AA84-697691275BBB}
	EndGlobalSection
EndGlobal
